
Microsoft Visual Studio Solution File, Format Version 12.00
# Visual Studio Version 17
VisualStudioVersion = 17.3.32929.385
MinimumVisualStudioVersion = 10.0.40219.1
Project("{FAE04EC0-301F-11D3-BF4B-00C04F79EFBC}") = "livecoding-ef", "livecoding-ef.csproj", "{3FE6D915-E078-4808-A685-E2382B082B2D}"
EndProject
Global
	GlobalSection(SolutionConfigurationPlatforms) = preSolution
		Debug|Any CPU = Debug|Any CPU
		Release|Any CPU = Release|Any CPU
	EndGlobalSection
	GlobalSection(ProjectConfigurationPlatforms) = postSolution
		{3FE6D915-E078-4808-A685-E2382B082B2D}.Debug|Any CPU.ActiveCfg = Debug|Any CPU
		{3FE6D915-E078-4808-A685-E2382B082B2D}.Debug|Any CPU.Build.0 = Debug|Any CPU
		{3FE6D915-E078-4808-A685-E2382B082B2D}.Release|Any CPU.ActiveCfg = Release|Any CPU
		{3FE6D915-E078-4808-A685-E2382B082B2D}.Release|Any CPU.Build.0 = Release|Any CPU
	EndGlobalSection
	GlobalSection(SolutionProperties) = preSolution
		HideSolutionNode = FALSE
	EndGlobalSection
	GlobalSection(ExtensibilityGlobals) = postSolution
		SolutionGuid = {70A40BC8-BB5D-4665-9532-0551214A6184}
	EndGlobalSection
EndGlobal
